
Microsoft Visual Studio Solution File, Format Version 11.00
# Visual Studio 2010
Project("{FAE04EC0-301F-11D3-BF4B-00C04F79EFBC}") = "IQCare.EMR", "IQCare.EMR\IQCare.EMR.csproj", "{C09BAD27-54C2-47BF-B086-559495057BA1}"
EndProject
Global
	GlobalSection(SolutionConfigurationPlatforms) = preSolution
		Debug|x86 = Debug|x86
		Release|x86 = Release|x86
	EndGlobalSection
	GlobalSection(ProjectConfigurationPlatforms) = postSolution
		{C09BAD27-54C2-47BF-B086-559495057BA1}.Debug|x86.ActiveCfg = Debug|x86
		{C09BAD27-54C2-47BF-B086-559495057BA1}.Debug|x86.Build.0 = Debug|x86
		{C09BAD27-54C2-47BF-B086-559495057BA1}.Release|x86.ActiveCfg = Release|x86
		{C09BAD27-54C2-47BF-B086-559495057BA1}.Release|x86.Build.0 = Release|x86
	EndGlobalSection
	GlobalSection(SolutionProperties) = preSolution
		HideSolutionNode = FALSE
	EndGlobalSection
EndGlobal
